// !$*UTF8*$!
{
	archiveVersion = 1;
	classes = {
	};
	objectVersion = 46;
	objects = {

/* Begin PBXBuildFile section */
		2518A2F62734F6AA00B0D631 /* SurfaceAmbientLightSensorDriver.hpp in Headers */ = {isa = PBXBuildFile; fileRef = 2518A2F32734F6AA00B0D631 /* SurfaceAmbientLightSensorDriver.hpp */; };
		2518A2F72734F6AA00B0D631 /* SurfaceAmbientLightSensorDriver.cpp in Sources */ = {isa = PBXBuildFile; fileRef = 2518A2F42734F6AA00B0D631 /* SurfaceAmbientLightSensorDriver.cpp */; };
		2518A2F82734F6AA00B0D631 /* APDS9960Constants.h in Headers */ = {isa = PBXBuildFile; fileRef = 2518A2F52734F6AA00B0D631 /* APDS9960Constants.h */; };
		2524C0A626F3233A00CAAF12 /* SurfaceButtonDriver.cpp in Sources */ = {isa = PBXBuildFile; fileRef = 2524C0A426F3233A00CAAF12 /* SurfaceButtonDriver.cpp */; };
		2524C0A726F3233A00CAAF12 /* SurfaceButtonDriver.hpp in Headers */ = {isa = PBXBuildFile; fileRef = 2524C0A526F3233A00CAAF12 /* SurfaceButtonDriver.hpp */; };
		259040E926FC065400D605D0 /* SurfaceButtonHIDDevice.cpp in Sources */ = {isa = PBXBuildFile; fileRef = 259040E726FC065400D605D0 /* SurfaceButtonHIDDevice.cpp */; };
		259040EA26FC065400D605D0 /* SurfaceButtonHIDDevice.hpp in Headers */ = {isa = PBXBuildFile; fileRef = 259040E826FC065400D605D0 /* SurfaceButtonHIDDevice.hpp */; };
		259040EC26FC0BB200D605D0 /* HIDReport.hpp in Headers */ = {isa = PBXBuildFile; fileRef = 259040EB26FC0BB200D605D0 /* HIDReport.hpp */; };
		25B97D89260B950E00657C76 /* libkmod.a in Frameworks */ = {isa = PBXBuildFile; fileRef = 7BE66D8F258AC5DC003CA4AD /* libkmod.a */; };
		25B97E1A260B9F1100657C76 /* VoodooI2CMultitouchHIDEventDriver.cpp in Sources */ = {isa = PBXBuildFile; fileRef = 25B97E14260B9F1000657C76 /* VoodooI2CMultitouchHIDEventDriver.cpp */; };
		25B97E1B260B9F1100657C76 /* SurfaceTypeCoverDriver.cpp in Sources */ = {isa = PBXBuildFile; fileRef = 25B97E15260B9F1100657C76 /* SurfaceTypeCoverDriver.cpp */; };
		25B97E1C260B9F1100657C76 /* VoodooI2CMultitouchHIDEventDriver.hpp in Headers */ = {isa = PBXBuildFile; fileRef = 25B97E16260B9F1100657C76 /* VoodooI2CMultitouchHIDEventDriver.hpp */; };
		25B97E1E260B9F1100657C76 /* SurfaceTypeCoverDriver.hpp in Headers */ = {isa = PBXBuildFile; fileRef = 25B97E18260B9F1100657C76 /* SurfaceTypeCoverDriver.hpp */; };
		25B97E2B260BA12100657C76 /* VoodooI2CHIDTransducerWrapper.cpp in Sources */ = {isa = PBXBuildFile; fileRef = 25B97E2A260BA12100657C76 /* VoodooI2CHIDTransducerWrapper.cpp */; };
		25B97E2E260BA13A00657C76 /* VoodooI2CHIDTransducerWrapper.hpp in Headers */ = {isa = PBXBuildFile; fileRef = 25B97E2D260BA13A00657C76 /* VoodooI2CHIDTransducerWrapper.hpp */; };
		25C8D7EB27359FCD00F58956 /* SerialProtocol.h in Headers */ = {isa = PBXBuildFile; fileRef = 25C8D7E827359FCD00F58956 /* SerialProtocol.h */; };
		25C8D7EC27359FCD00F58956 /* SurfaceSerialHubDriver.cpp in Sources */ = {isa = PBXBuildFile; fileRef = 25C8D7E927359FCD00F58956 /* SurfaceSerialHubDriver.cpp */; };
		25C8D7ED27359FCD00F58956 /* SurfaceSerialHubDriver.hpp in Headers */ = {isa = PBXBuildFile; fileRef = 25C8D7EA27359FCD00F58956 /* SurfaceSerialHubDriver.hpp */; };
/* End PBXBuildFile section */

/* Begin PBXContainerItemProxy section */
		25CBB35A2733D4B8009B568B /* PBXContainerItemProxy */ = {
			isa = PBXContainerItemProxy;
			containerPortal = 25B97DBF260B972000657C76 /* VoodooI2CServices.xcodeproj */;
			proxyType = 2;
			remoteGlobalIDString = AC2DC71C1F7F0D450071CDCA;
			remoteInfo = VoodooI2CServices;
		};
		25CBB35F2733D4C1009B568B /* PBXContainerItemProxy */ = {
			isa = PBXContainerItemProxy;
			containerPortal = 25B97DB8260B971000657C76 /* VoodooGPIO.xcodeproj */;
			proxyType = 2;
			remoteGlobalIDString = F1F172C51F42263A00AD98FA;
			remoteInfo = VoodooGPIO;
		};
		25CBB3642733D4C9009B568B /* PBXContainerItemProxy */ = {
			isa = PBXContainerItemProxy;
			containerPortal = 25813612272D6A2800EED5C9 /* VoodooSerial.xcodeproj */;
			proxyType = 2;
			remoteGlobalIDString = 25813607272D6A2800EED5C9;
			remoteInfo = VoodooSerial;
		};
		25CBB3662733D503009B568B /* PBXContainerItemProxy */ = {
			isa = PBXContainerItemProxy;
			containerPortal = 25B97DBF260B972000657C76 /* VoodooI2CServices.xcodeproj */;
			proxyType = 1;
			remoteGlobalIDString = AC2DC71B1F7F0D450071CDCA;
			remoteInfo = VoodooI2CServices;
		};
		25CBB3682733D507009B568B /* PBXContainerItemProxy */ = {
			isa = PBXContainerItemProxy;
			containerPortal = 25B97DB8260B971000657C76 /* VoodooGPIO.xcodeproj */;
			proxyType = 1;
			remoteGlobalIDString = F1F172C41F42263A00AD98FA;
			remoteInfo = VoodooGPIO;
		};
		25CBB36A2733D50A009B568B /* PBXContainerItemProxy */ = {
			isa = PBXContainerItemProxy;
			containerPortal = 25813612272D6A2800EED5C9 /* VoodooSerial.xcodeproj */;
			proxyType = 1;
			remoteGlobalIDString = 25B97D6F260B950E00657C76;
			remoteInfo = VoodooSerial;
		};
		AC94C83C2119E50400D26081 /* PBXContainerItemProxy */ = {
			isa = PBXContainerItemProxy;
			containerPortal = AC94C8382119E50400D26081 /* VoodooI2CSynaptics.xcodeproj */;
			proxyType = 2;
			remoteGlobalIDString = ACD148A21FF17DE00008EA7B;
			remoteInfo = VoodooI2CSynaptics;
		};
/* End PBXContainerItemProxy section */

/* Begin PBXFileReference section */
		2518A2F32734F6AA00B0D631 /* SurfaceAmbientLightSensorDriver.hpp */ = {isa = PBXFileReference; fileEncoding = 4; lastKnownFileType = sourcecode.cpp.h; path = SurfaceAmbientLightSensorDriver.hpp; sourceTree = "<group>"; };
		2518A2F42734F6AA00B0D631 /* SurfaceAmbientLightSensorDriver.cpp */ = {isa = PBXFileReference; fileEncoding = 4; lastKnownFileType = sourcecode.cpp.cpp; path = SurfaceAmbientLightSensorDriver.cpp; sourceTree = "<group>"; };
		2518A2F52734F6AA00B0D631 /* APDS9960Constants.h */ = {isa = PBXFileReference; fileEncoding = 4; lastKnownFileType = sourcecode.c.h; path = APDS9960Constants.h; sourceTree = "<group>"; };
		2524C0A426F3233A00CAAF12 /* SurfaceButtonDriver.cpp */ = {isa = PBXFileReference; fileEncoding = 4; lastKnownFileType = sourcecode.cpp.cpp; path = SurfaceButtonDriver.cpp; sourceTree = "<group>"; };
		2524C0A526F3233A00CAAF12 /* SurfaceButtonDriver.hpp */ = {isa = PBXFileReference; fileEncoding = 4; lastKnownFileType = sourcecode.cpp.h; path = SurfaceButtonDriver.hpp; sourceTree = "<group>"; };
		25813612272D6A2800EED5C9 /* VoodooSerial.xcodeproj */ = {isa = PBXFileReference; lastKnownFileType = "wrapper.pb-project"; name = VoodooSerial.xcodeproj; path = VoodooSerial/VoodooSerial.xcodeproj; sourceTree = "<group>"; };
		259040E726FC065400D605D0 /* SurfaceButtonHIDDevice.cpp */ = {isa = PBXFileReference; fileEncoding = 4; lastKnownFileType = sourcecode.cpp.cpp; path = SurfaceButtonHIDDevice.cpp; sourceTree = "<group>"; };
		259040E826FC065400D605D0 /* SurfaceButtonHIDDevice.hpp */ = {isa = PBXFileReference; fileEncoding = 4; lastKnownFileType = sourcecode.cpp.h; path = SurfaceButtonHIDDevice.hpp; sourceTree = "<group>"; };
		259040EB26FC0BB200D605D0 /* HIDReport.hpp */ = {isa = PBXFileReference; fileEncoding = 4; lastKnownFileType = sourcecode.cpp.h; path = HIDReport.hpp; sourceTree = "<group>"; };
		25B97DA5260B950E00657C76 /* BigSurface.kext */ = {isa = PBXFileReference; explicitFileType = wrapper.cfbundle; includeInIndex = 0; path = BigSurface.kext; sourceTree = BUILT_PRODUCTS_DIR; };
		25B97DB8260B971000657C76 /* VoodooGPIO.xcodeproj */ = {isa = PBXFileReference; lastKnownFileType = "wrapper.pb-project"; name = VoodooGPIO.xcodeproj; path = VoodooGPIO/VoodooGPIO.xcodeproj; sourceTree = "<group>"; };
		25B97DBF260B972000657C76 /* VoodooI2CServices.xcodeproj */ = {isa = PBXFileReference; lastKnownFileType = "wrapper.pb-project"; name = VoodooI2CServices.xcodeproj; path = VoodooI2CServices/VoodooI2CServices.xcodeproj; sourceTree = "<group>"; };
		25B97E14260B9F1000657C76 /* VoodooI2CMultitouchHIDEventDriver.cpp */ = {isa = PBXFileReference; fileEncoding = 4; lastKnownFileType = sourcecode.cpp.cpp; path = VoodooI2CMultitouchHIDEventDriver.cpp; sourceTree = "<group>"; };
		25B97E15260B9F1100657C76 /* SurfaceTypeCoverDriver.cpp */ = {isa = PBXFileReference; fileEncoding = 4; lastKnownFileType = sourcecode.cpp.cpp; path = SurfaceTypeCoverDriver.cpp; sourceTree = "<group>"; };
		25B97E16260B9F1100657C76 /* VoodooI2CMultitouchHIDEventDriver.hpp */ = {isa = PBXFileReference; fileEncoding = 4; lastKnownFileType = sourcecode.cpp.h; path = VoodooI2CMultitouchHIDEventDriver.hpp; sourceTree = "<group>"; };
		25B97E18260B9F1100657C76 /* SurfaceTypeCoverDriver.hpp */ = {isa = PBXFileReference; fileEncoding = 4; lastKnownFileType = sourcecode.cpp.h; path = SurfaceTypeCoverDriver.hpp; sourceTree = "<group>"; };
		25B97E2A260BA12100657C76 /* VoodooI2CHIDTransducerWrapper.cpp */ = {isa = PBXFileReference; fileEncoding = 4; lastKnownFileType = sourcecode.cpp.cpp; path = VoodooI2CHIDTransducerWrapper.cpp; sourceTree = "<group>"; };
		25B97E2D260BA13A00657C76 /* VoodooI2CHIDTransducerWrapper.hpp */ = {isa = PBXFileReference; fileEncoding = 4; lastKnownFileType = sourcecode.cpp.h; path = VoodooI2CHIDTransducerWrapper.hpp; sourceTree = "<group>"; };
		25B97E43260BA33B00657C76 /* Info.plist */ = {isa = PBXFileReference; fileEncoding = 4; lastKnownFileType = text.plist.xml; name = Info.plist; path = BigSurface/Info.plist; sourceTree = "<group>"; };
		25C8D7E827359FCD00F58956 /* SerialProtocol.h */ = {isa = PBXFileReference; fileEncoding = 4; lastKnownFileType = sourcecode.c.h; path = SerialProtocol.h; sourceTree = "<group>"; };
		25C8D7E927359FCD00F58956 /* SurfaceSerialHubDriver.cpp */ = {isa = PBXFileReference; fileEncoding = 4; lastKnownFileType = sourcecode.cpp.cpp; path = SurfaceSerialHubDriver.cpp; sourceTree = "<group>"; };
		25C8D7EA27359FCD00F58956 /* SurfaceSerialHubDriver.hpp */ = {isa = PBXFileReference; fileEncoding = 4; lastKnownFileType = sourcecode.cpp.h; path = SurfaceSerialHubDriver.hpp; sourceTree = "<group>"; };
		7BE66D8F258AC5DC003CA4AD /* libkmod.a */ = {isa = PBXFileReference; lastKnownFileType = archive.ar; name = libkmod.a; path = ../MacKernelSDK/Library/x86_64/libkmod.a; sourceTree = "<group>"; };
		AC94C8382119E50400D26081 /* VoodooI2CSynaptics.xcodeproj */ = {isa = PBXFileReference; lastKnownFileType = "wrapper.pb-project"; name = VoodooI2CSynaptics.xcodeproj; path = "../../VoodooI2C Satellites/VoodooI2CSynaptics/VoodooI2CSynaptics.xcodeproj"; sourceTree = "<group>"; };
/* End PBXFileReference section */

/* Begin PBXFrameworksBuildPhase section */
		25B97D88260B950E00657C76 /* Frameworks */ = {
			isa = PBXFrameworksBuildPhase;
			buildActionMask = 2147483647;
			files = (
				25B97D89260B950E00657C76 /* libkmod.a in Frameworks */,
			);
			runOnlyForDeploymentPostprocessing = 0;
		};
/* End PBXFrameworksBuildPhase section */

/* Begin PBXGroup section */
		2518A2F22734F6AA00B0D631 /* SurfaceAmbientLightSensor */ = {
			isa = PBXGroup;
			children = (
				2518A2F32734F6AA00B0D631 /* SurfaceAmbientLightSensorDriver.hpp */,
				2518A2F42734F6AA00B0D631 /* SurfaceAmbientLightSensorDriver.cpp */,
				2518A2F52734F6AA00B0D631 /* APDS9960Constants.h */,
			);
			path = SurfaceAmbientLightSensor;
			sourceTree = "<group>";
		};
		2524C0A326F3233A00CAAF12 /* SurfaceButton */ = {
			isa = PBXGroup;
			children = (
				259040EB26FC0BB200D605D0 /* HIDReport.hpp */,
				259040E726FC065400D605D0 /* SurfaceButtonHIDDevice.cpp */,
				259040E826FC065400D605D0 /* SurfaceButtonHIDDevice.hpp */,
				2524C0A426F3233A00CAAF12 /* SurfaceButtonDriver.cpp */,
				2524C0A526F3233A00CAAF12 /* SurfaceButtonDriver.hpp */,
			);
			path = SurfaceButton;
			sourceTree = "<group>";
		};
		25B97D6E260B943E00657C76 /* BigSurface */ = {
			isa = PBXGroup;
			children = (
				AC0955711F4ED49E0052E343 /* Dependencies */,
				25B97DAF260B95B600657C76 /* SurfaceTypeCover */,
				2524C0A326F3233A00CAAF12 /* SurfaceButton */,
				2518A2F22734F6AA00B0D631 /* SurfaceAmbientLightSensor */,
				25C8D7E727359FCD00F58956 /* SurfaceSerialHub */,
			);
			path = BigSurface;
			sourceTree = "<group>";
		};
		25B97DAF260B95B600657C76 /* SurfaceTypeCover */ = {
			isa = PBXGroup;
			children = (
				25B97E14260B9F1000657C76 /* VoodooI2CMultitouchHIDEventDriver.cpp */,
				25B97E16260B9F1100657C76 /* VoodooI2CMultitouchHIDEventDriver.hpp */,
				25B97E15260B9F1100657C76 /* SurfaceTypeCoverDriver.cpp */,
				25B97E18260B9F1100657C76 /* SurfaceTypeCoverDriver.hpp */,
				25B97E2A260BA12100657C76 /* VoodooI2CHIDTransducerWrapper.cpp */,
				25B97E2D260BA13A00657C76 /* VoodooI2CHIDTransducerWrapper.hpp */,
			);
			path = SurfaceTypeCover;
			sourceTree = "<group>";
		};
		25C8D7E727359FCD00F58956 /* SurfaceSerialHub */ = {
			isa = PBXGroup;
			children = (
				25C8D7E827359FCD00F58956 /* SerialProtocol.h */,
				25C8D7E927359FCD00F58956 /* SurfaceSerialHubDriver.cpp */,
				25C8D7EA27359FCD00F58956 /* SurfaceSerialHubDriver.hpp */,
			);
			path = SurfaceSerialHub;
			sourceTree = "<group>";
		};
		25CBB3572733D4B8009B568B /* Products */ = {
			isa = PBXGroup;
			children = (
				25CBB35B2733D4B8009B568B /* VoodooI2CServices.kext */,
			);
			name = Products;
			sourceTree = "<group>";
		};
		25CBB35C2733D4C1009B568B /* Products */ = {
			isa = PBXGroup;
			children = (
				25CBB3602733D4C1009B568B /* VoodooGPIO.kext */,
			);
			name = Products;
			sourceTree = "<group>";
		};
		25CBB3612733D4C9009B568B /* Products */ = {
			isa = PBXGroup;
			children = (
				25CBB3652733D4C9009B568B /* VoodooSerial.kext */,
			);
			name = Products;
			sourceTree = "<group>";
		};
		7BE66D8E258AC5DC003CA4AD /* Frameworks */ = {
			isa = PBXGroup;
			children = (
				7BE66D8F258AC5DC003CA4AD /* libkmod.a */,
			);
			name = Frameworks;
			sourceTree = "<group>";
		};
		AC0955711F4ED49E0052E343 /* Dependencies */ = {
			isa = PBXGroup;
			children = (
				25B97DBF260B972000657C76 /* VoodooI2CServices.xcodeproj */,
				25B97DB8260B971000657C76 /* VoodooGPIO.xcodeproj */,
				25813612272D6A2800EED5C9 /* VoodooSerial.xcodeproj */,
			);
			name = Dependencies;
			path = ../../Dependencies;
			sourceTree = "<group>";
		};
		AC2603A61F2F294000CF238F = {
			isa = PBXGroup;
			children = (
				25B97D6E260B943E00657C76 /* BigSurface */,
				25B97E43260BA33B00657C76 /* Info.plist */,
				AC2603B11F2F294000CF238F /* Products */,
				7BE66D8E258AC5DC003CA4AD /* Frameworks */,
			);
			sourceTree = "<group>";
		};
		AC2603B11F2F294000CF238F /* Products */ = {
			isa = PBXGroup;
			children = (
				25B97DA5260B950E00657C76 /* BigSurface.kext */,
			);
			name = Products;
			sourceTree = "<group>";
		};
		AC94C8392119E50400D26081 /* Products */ = {
			isa = PBXGroup;
			children = (
				AC94C83D2119E50400D26081 /* VoodooI2CSynaptics.kext */,
			);
			name = Products;
			sourceTree = "<group>";
		};
/* End PBXGroup section */

/* Begin PBXHeadersBuildPhase section */
		25B97D8A260B950E00657C76 /* Headers */ = {
			isa = PBXHeadersBuildPhase;
			buildActionMask = 2147483647;
			files = (
				2518A2F62734F6AA00B0D631 /* SurfaceAmbientLightSensorDriver.hpp in Headers */,
				25B97E2E260BA13A00657C76 /* VoodooI2CHIDTransducerWrapper.hpp in Headers */,
				25B97E1C260B9F1100657C76 /* VoodooI2CMultitouchHIDEventDriver.hpp in Headers */,
				2518A2F82734F6AA00B0D631 /* APDS9960Constants.h in Headers */,
				2524C0A726F3233A00CAAF12 /* SurfaceButtonDriver.hpp in Headers */,
				25C8D7EB27359FCD00F58956 /* SerialProtocol.h in Headers */,
				25C8D7ED27359FCD00F58956 /* SurfaceSerialHubDriver.hpp in Headers */,
				259040EC26FC0BB200D605D0 /* HIDReport.hpp in Headers */,
				259040EA26FC065400D605D0 /* SurfaceButtonHIDDevice.hpp in Headers */,
				25B97E1E260B9F1100657C76 /* SurfaceTypeCoverDriver.hpp in Headers */,
			);
			runOnlyForDeploymentPostprocessing = 0;
		};
/* End PBXHeadersBuildPhase section */

/* Begin PBXNativeTarget section */
		25B97D6F260B950E00657C76 /* BigSurface */ = {
			isa = PBXNativeTarget;
			buildConfigurationList = 25B97DA2260B950E00657C76 /* Build configuration list for PBXNativeTarget "BigSurface" */;
			buildPhases = (
				25B97D74260B950E00657C76 /* Sources */,
				25B97D88260B950E00657C76 /* Frameworks */,
				25B97D8A260B950E00657C76 /* Headers */,
				25B97DA0260B950E00657C76 /* Resources */,
				25B97DA1260B950E00657C76 /* Add Plugins */,
			);
			buildRules = (
			);
			dependencies = (
				25CBB3672733D503009B568B /* PBXTargetDependency */,
				25CBB3692733D507009B568B /* PBXTargetDependency */,
				25CBB36B2733D50A009B568B /* PBXTargetDependency */,
			);
			name = BigSurface;
			productName = VoodooI2C;
			productReference = 25B97DA5260B950E00657C76 /* BigSurface.kext */;
			productType = "com.apple.product-type.kernel-extension";
		};
/* End PBXNativeTarget section */

/* Begin PBXProject section */
		AC2603A71F2F294000CF238F /* Project object */ = {
			isa = PBXProject;
			attributes = {
				LastUpgradeCheck = 1250;
				ORGANIZATIONNAME = "Xia Shangning";
				TargetAttributes = {
					25B97D6F260B950E00657C76 = {
						DevelopmentTeam = K8RXBXZGN4;
						ProvisioningStyle = Manual;
					};
				};
			};
			buildConfigurationList = AC2603AA1F2F294000CF238F /* Build configuration list for PBXProject "BigSurface" */;
			compatibilityVersion = "Xcode 3.2";
			developmentRegion = en;
			hasScannedForEncodings = 0;
			knownRegions = (
				en,
				Base,
			);
			mainGroup = AC2603A61F2F294000CF238F;
			productRefGroup = AC2603B11F2F294000CF238F /* Products */;
			projectDirPath = "";
			projectReferences = (
				{
					ProductGroup = 25CBB35C2733D4C1009B568B /* Products */;
					ProjectRef = 25B97DB8260B971000657C76 /* VoodooGPIO.xcodeproj */;
				},
				{
					ProductGroup = 25CBB3572733D4B8009B568B /* Products */;
					ProjectRef = 25B97DBF260B972000657C76 /* VoodooI2CServices.xcodeproj */;
				},
				{
					ProductGroup = AC94C8392119E50400D26081 /* Products */;
					ProjectRef = AC94C8382119E50400D26081 /* VoodooI2CSynaptics.xcodeproj */;
				},
				{
					ProductGroup = 25CBB3612733D4C9009B568B /* Products */;
					ProjectRef = 25813612272D6A2800EED5C9 /* VoodooSerial.xcodeproj */;
				},
			);
			projectRoot = "";
			targets = (
				25B97D6F260B950E00657C76 /* BigSurface */,
			);
		};
/* End PBXProject section */

/* Begin PBXReferenceProxy section */
		25CBB35B2733D4B8009B568B /* VoodooI2CServices.kext */ = {
			isa = PBXReferenceProxy;
			fileType = wrapper.cfbundle;
			path = VoodooI2CServices.kext;
			remoteRef = 25CBB35A2733D4B8009B568B /* PBXContainerItemProxy */;
			sourceTree = BUILT_PRODUCTS_DIR;
		};
		25CBB3602733D4C1009B568B /* VoodooGPIO.kext */ = {
			isa = PBXReferenceProxy;
			fileType = wrapper.cfbundle;
			path = VoodooGPIO.kext;
			remoteRef = 25CBB35F2733D4C1009B568B /* PBXContainerItemProxy */;
			sourceTree = BUILT_PRODUCTS_DIR;
		};
		25CBB3652733D4C9009B568B /* VoodooSerial.kext */ = {
			isa = PBXReferenceProxy;
			fileType = wrapper.cfbundle;
			path = VoodooSerial.kext;
			remoteRef = 25CBB3642733D4C9009B568B /* PBXContainerItemProxy */;
			sourceTree = BUILT_PRODUCTS_DIR;
		};
		AC94C83D2119E50400D26081 /* VoodooI2CSynaptics.kext */ = {
			isa = PBXReferenceProxy;
			fileType = wrapper.cfbundle;
			path = VoodooI2CSynaptics.kext;
			remoteRef = AC94C83C2119E50400D26081 /* PBXContainerItemProxy */;
			sourceTree = BUILT_PRODUCTS_DIR;
		};
/* End PBXReferenceProxy section */

/* Begin PBXResourcesBuildPhase section */
		25B97DA0260B950E00657C76 /* Resources */ = {
			isa = PBXResourcesBuildPhase;
			buildActionMask = 2147483647;
			files = (
			);
			runOnlyForDeploymentPostprocessing = 0;
		};
/* End PBXResourcesBuildPhase section */

/* Begin PBXShellScriptBuildPhase section */
		25B97DA1260B950E00657C76 /* Add Plugins */ = {
			isa = PBXShellScriptBuildPhase;
			buildActionMask = 2147483647;
			files = (
			);
			inputPaths = (
			);
			name = "Add Plugins";
			outputPaths = (
			);
			runOnlyForDeploymentPostprocessing = 0;
			shellPath = /bin/sh;
			shellScript = "mkdir -p \"${BUILT_PRODUCTS_DIR}/BigSurface.kext/Contents/PlugIns\"\nrm -rf \"${BUILT_PRODUCTS_DIR}/BigSurface.kext/Contents/PlugIns/VoodooGPIO.kext\"\nmv \"${BUILT_PRODUCTS_DIR}/VoodooGPIO.kext\" \"${BUILT_PRODUCTS_DIR}/BigSurface.kext/Contents/PlugIns\"\n\nrm -rf \"${BUILT_PRODUCTS_DIR}/BigSurface.kext/Contents/PlugIns/VoodooI2CServices.kext\"\nmv \"${BUILT_PRODUCTS_DIR}/VoodooI2CServices.kext\" \"${BUILT_PRODUCTS_DIR}/BigSurface.kext/Contents/PlugIns\"\n\nrm -rf \"${BUILT_PRODUCTS_DIR}/BigSurface.kext/Contents/PlugIns/VoodooSerial.kext\"\nmv \"${BUILT_PRODUCTS_DIR}/VoodooSerial.kext\" \"${BUILT_PRODUCTS_DIR}/BigSurface.kext/Contents/PlugIns\"\n\nrm -rf \"${BUILT_PRODUCTS_DIR}/BigSurface.kext/Contents/PlugIns/VoodooInput.kext\"\ncp -r \"${SRCROOT}/../Dependencies/VoodooInput/${CONFIGURATION}\"/VoodooInput.kext \"${BUILT_PRODUCTS_DIR}/BigSurface.kext/Contents/PlugIns\"\n\nrm -rf \"${BUILT_PRODUCTS_DIR}/VoodooInput.kext.dSYM\"\ncp -r \"${SRCROOT}/../Dependencies/VoodooInput/${CONFIGURATION}\"/*.dSYM ${BUILT_PRODUCTS_DIR} 2>/dev/null || true\n";
			showEnvVarsInLog = 0;
		};
/* End PBXShellScriptBuildPhase section */

/* Begin PBXSourcesBuildPhase section */
		25B97D74260B950E00657C76 /* Sources */ = {
			isa = PBXSourcesBuildPhase;
			buildActionMask = 2147483647;
			files = (
				25B97E1A260B9F1100657C76 /* VoodooI2CMultitouchHIDEventDriver.cpp in Sources */,
				25B97E2B260BA12100657C76 /* VoodooI2CHIDTransducerWrapper.cpp in Sources */,
				25C8D7EC27359FCD00F58956 /* SurfaceSerialHubDriver.cpp in Sources */,
				259040E926FC065400D605D0 /* SurfaceButtonHIDDevice.cpp in Sources */,
				2518A2F72734F6AA00B0D631 /* SurfaceAmbientLightSensorDriver.cpp in Sources */,
				25B97E1B260B9F1100657C76 /* SurfaceTypeCoverDriver.cpp in Sources */,
				2524C0A626F3233A00CAAF12 /* SurfaceButtonDriver.cpp in Sources */,
			);
			runOnlyForDeploymentPostprocessing = 0;
		};
/* End PBXSourcesBuildPhase section */

/* Begin PBXTargetDependency section */
		25CBB3672733D503009B568B /* PBXTargetDependency */ = {
			isa = PBXTargetDependency;
			name = VoodooI2CServices;
			targetProxy = 25CBB3662733D503009B568B /* PBXContainerItemProxy */;
		};
		25CBB3692733D507009B568B /* PBXTargetDependency */ = {
			isa = PBXTargetDependency;
			name = VoodooGPIO;
			targetProxy = 25CBB3682733D507009B568B /* PBXContainerItemProxy */;
		};
		25CBB36B2733D50A009B568B /* PBXTargetDependency */ = {
			isa = PBXTargetDependency;
			name = VoodooSerial;
			targetProxy = 25CBB36A2733D50A009B568B /* PBXContainerItemProxy */;
		};
/* End PBXTargetDependency section */

/* Begin XCBuildConfiguration section */
		25B97DA3260B950E00657C76 /* Debug */ = {
			isa = XCBuildConfiguration;
			buildSettings = {
				ALWAYS_SEARCH_USER_PATHS = NO;
				CLANG_ANALYZER_DEADCODE_DEADSTORES = NO;
				CLANG_ANALYZER_DIVIDE_BY_ZERO = NO;
				CLANG_ANALYZER_NULL_DEREFERENCE = NO;
				CLANG_CXX_LANGUAGE_STANDARD = "gnu++14";
				CLANG_WARN_DOCUMENTATION_COMMENTS = NO;
				CODE_SIGN_IDENTITY = "-";
				CODE_SIGN_INJECT_BASE_ENTITLEMENTS = YES;
				CODE_SIGN_STYLE = Manual;
				COMBINE_HIDPI_IMAGES = YES;
				CURRENT_PROJECT_VERSION = 1.0.1;
				DEVELOPMENT_TEAM = K8RXBXZGN4;
				HEADER_SEARCH_PATHS = (
					"$(inherited)",
					"$(PROJECT_DIR)/../Dependencies/VoodooInput/Debug/VoodooInput.kext/Contents/Resources",
				);
				INFOPLIST_FILE = BigSurface/Info.plist;
				LIBRARY_SEARCH_PATHS = (
					"$(inherited)",
					"$(PROJECT_DIR)/../MacKernelSDK/Library/x86_64",
				);
				MARKETING_VERSION = 1.0.1;
				MODULE_NAME = com.xavier.BigSurface;
				MODULE_VERSION = 1.0.0;
				MTL_ENABLE_DEBUG_INFO = INCLUDE_SOURCE;
				"OTHER_CPLUSPLUSFLAGS[arch=*]" = "-Wno-inconsistent-missing-override";
				PRODUCT_BUNDLE_IDENTIFIER = com.xavier.BigSurface;
				PRODUCT_NAME = "$(TARGET_NAME)";
				PROVISIONING_PROFILE_SPECIFIER = "";
				RUN_CLANG_STATIC_ANALYZER = YES;
				WRAPPER_EXTENSION = kext;
			};
			name = Debug;
		};
		25B97DA4260B950E00657C76 /* Release */ = {
			isa = XCBuildConfiguration;
			buildSettings = {
				ALWAYS_SEARCH_USER_PATHS = NO;
				CLANG_CXX_LANGUAGE_STANDARD = "gnu++14";
				CLANG_WARN_DOCUMENTATION_COMMENTS = NO;
				CODE_SIGN_IDENTITY = "-";
				CODE_SIGN_INJECT_BASE_ENTITLEMENTS = YES;
				CODE_SIGN_STYLE = Manual;
				COMBINE_HIDPI_IMAGES = YES;
				CURRENT_PROJECT_VERSION = 1.0.1;
				DEVELOPMENT_TEAM = K8RXBXZGN4;
				HEADER_SEARCH_PATHS = (
					"$(inherited)",
					"$(PROJECT_DIR)/../Dependencies/VoodooInput/Debug/VoodooInput.kext/Contents/Resources",
				);
				INFOPLIST_FILE = BigSurface/Info.plist;
				LIBRARY_SEARCH_PATHS = (
					"$(inherited)",
					"$(PROJECT_DIR)/../MacKernelSDK/Library/x86_64",
				);
				MARKETING_VERSION = 1.0.1;
				MODULE_NAME = com.xavier.BigSurface;
				MODULE_VERSION = 1.0.0;
				ONLY_ACTIVE_ARCH = YES;
				"OTHER_CPLUSPLUSFLAGS[arch=*]" = "-Wno-inconsistent-missing-override";
				PRODUCT_BUNDLE_IDENTIFIER = com.xavier.BigSurface;
				PRODUCT_NAME = "$(TARGET_NAME)";
				PROVISIONING_PROFILE_SPECIFIER = "";
				WRAPPER_EXTENSION = kext;
			};
			name = Release;
		};
		AC2603B81F2F294000CF238F /* Debug */ = {
			isa = XCBuildConfiguration;
			buildSettings = {
				ALWAYS_SEARCH_USER_PATHS = NO;
				ARCHS = x86_64;
				CLANG_ANALYZER_NONNULL = YES;
				CLANG_CXX_LANGUAGE_STANDARD = "gnu++0x";
				CLANG_CXX_LIBRARY = "libc++";
				CLANG_ENABLE_MODULES = YES;
				CLANG_ENABLE_OBJC_ARC = YES;
				CLANG_WARN_BLOCK_CAPTURE_AUTORELEASING = YES;
				CLANG_WARN_BOOL_CONVERSION = YES;
				CLANG_WARN_COMMA = YES;
				CLANG_WARN_CONSTANT_CONVERSION = YES;
				CLANG_WARN_DEPRECATED_OBJC_IMPLEMENTATIONS = YES;
				CLANG_WARN_DIRECT_OBJC_ISA_USAGE = YES_ERROR;
				CLANG_WARN_DOCUMENTATION_COMMENTS = YES;
				CLANG_WARN_EMPTY_BODY = YES;
				CLANG_WARN_ENUM_CONVERSION = YES;
				CLANG_WARN_INFINITE_RECURSION = YES;
				CLANG_WARN_INT_CONVERSION = YES;
				CLANG_WARN_NON_LITERAL_NULL_CONVERSION = YES;
				CLANG_WARN_OBJC_IMPLICIT_RETAIN_SELF = YES;
				CLANG_WARN_OBJC_LITERAL_CONVERSION = YES;
				CLANG_WARN_OBJC_ROOT_CLASS = YES_ERROR;
				CLANG_WARN_QUOTED_INCLUDE_IN_FRAMEWORK_HEADER = YES;
				CLANG_WARN_RANGE_LOOP_ANALYSIS = YES;
				CLANG_WARN_STRICT_PROTOTYPES = YES;
				CLANG_WARN_SUSPICIOUS_MOVE = YES;
				CLANG_WARN_SUSPICIOUS_MOVES = YES;
				CLANG_WARN_UNREACHABLE_CODE = YES;
				CLANG_WARN__DUPLICATE_METHOD_MATCH = YES;
				CODE_SIGN_IDENTITY = "-";
				COPY_PHASE_STRIP = NO;
				DEBUG_INFORMATION_FORMAT = dwarf;
				ENABLE_STRICT_OBJC_MSGSEND = YES;
				ENABLE_TESTABILITY = YES;
				GCC_C_LANGUAGE_STANDARD = gnu99;
				GCC_DYNAMIC_NO_PIC = NO;
				GCC_NO_COMMON_BLOCKS = YES;
				GCC_OPTIMIZATION_LEVEL = 0;
				GCC_PREPROCESSOR_DEFINITIONS = (
					"DEBUG=1",
					"$(inherited)",
				);
				GCC_WARN_64_TO_32_BIT_CONVERSION = YES;
				GCC_WARN_ABOUT_RETURN_TYPE = YES_ERROR;
				GCC_WARN_UNDECLARED_SELECTOR = YES;
				GCC_WARN_UNINITIALIZED_AUTOS = YES_AGGRESSIVE;
				GCC_WARN_UNUSED_FUNCTION = YES;
				GCC_WARN_UNUSED_VARIABLE = YES;
				KERNEL_EXTENSION_HEADER_SEARCH_PATHS = "$(PROJECT_DIR)/../MacKernelSDK/Headers";
				KERNEL_FRAMEWORK_HEADERS = "$(PROJECT_DIR)/../MacKernelSDK/Headers";
				MACOSX_DEPLOYMENT_TARGET = 11.0;
				MTL_ENABLE_DEBUG_INFO = YES;
				ONLY_ACTIVE_ARCH = YES;
				SDKROOT = macosx;
			};
			name = Debug;
		};
		AC2603B91F2F294000CF238F /* Release */ = {
			isa = XCBuildConfiguration;
			buildSettings = {
				ALWAYS_SEARCH_USER_PATHS = NO;
				ARCHS = x86_64;
				CLANG_ANALYZER_NONNULL = YES;
				CLANG_CXX_LANGUAGE_STANDARD = "gnu++0x";
				CLANG_CXX_LIBRARY = "libc++";
				CLANG_ENABLE_MODULES = YES;
				CLANG_ENABLE_OBJC_ARC = YES;
				CLANG_WARN_BLOCK_CAPTURE_AUTORELEASING = YES;
				CLANG_WARN_BOOL_CONVERSION = YES;
				CLANG_WARN_COMMA = YES;
				CLANG_WARN_CONSTANT_CONVERSION = YES;
				CLANG_WARN_DEPRECATED_OBJC_IMPLEMENTATIONS = YES;
				CLANG_WARN_DIRECT_OBJC_ISA_USAGE = YES_ERROR;
				CLANG_WARN_DOCUMENTATION_COMMENTS = YES;
				CLANG_WARN_EMPTY_BODY = YES;
				CLANG_WARN_ENUM_CONVERSION = YES;
				CLANG_WARN_INFINITE_RECURSION = YES;
				CLANG_WARN_INT_CONVERSION = YES;
				CLANG_WARN_NON_LITERAL_NULL_CONVERSION = YES;
				CLANG_WARN_OBJC_IMPLICIT_RETAIN_SELF = YES;
				CLANG_WARN_OBJC_LITERAL_CONVERSION = YES;
				CLANG_WARN_OBJC_ROOT_CLASS = YES_ERROR;
				CLANG_WARN_QUOTED_INCLUDE_IN_FRAMEWORK_HEADER = YES;
				CLANG_WARN_RANGE_LOOP_ANALYSIS = YES;
				CLANG_WARN_STRICT_PROTOTYPES = YES;
				CLANG_WARN_SUSPICIOUS_MOVE = YES;
				CLANG_WARN_SUSPICIOUS_MOVES = YES;
				CLANG_WARN_UNREACHABLE_CODE = YES;
				CLANG_WARN__DUPLICATE_METHOD_MATCH = YES;
				CODE_SIGN_IDENTITY = "-";
				COPY_PHASE_STRIP = NO;
				DEBUG_INFORMATION_FORMAT = "dwarf-with-dsym";
				ENABLE_NS_ASSERTIONS = NO;
				ENABLE_STRICT_OBJC_MSGSEND = YES;
				GCC_C_LANGUAGE_STANDARD = gnu99;
				GCC_NO_COMMON_BLOCKS = YES;
				GCC_WARN_64_TO_32_BIT_CONVERSION = YES;
				GCC_WARN_ABOUT_RETURN_TYPE = YES_ERROR;
				GCC_WARN_UNDECLARED_SELECTOR = YES;
				GCC_WARN_UNINITIALIZED_AUTOS = YES_AGGRESSIVE;
				GCC_WARN_UNUSED_FUNCTION = YES;
				GCC_WARN_UNUSED_VARIABLE = YES;
				KERNEL_EXTENSION_HEADER_SEARCH_PATHS = "$(PROJECT_DIR)/../MacKernelSDK/Headers";
				KERNEL_FRAMEWORK_HEADERS = "$(PROJECT_DIR)/../MacKernelSDK/Headers";
				MACOSX_DEPLOYMENT_TARGET = 11.0;
				MTL_ENABLE_DEBUG_INFO = NO;
				SDKROOT = macosx;
			};
			name = Release;
		};
/* End XCBuildConfiguration section */

/* Begin XCConfigurationList section */
		25B97DA2260B950E00657C76 /* Build configuration list for PBXNativeTarget "BigSurface" */ = {
			isa = XCConfigurationList;
			buildConfigurations = (
				25B97DA3260B950E00657C76 /* Debug */,
				25B97DA4260B950E00657C76 /* Release */,
			);
			defaultConfigurationIsVisible = 0;
			defaultConfigurationName = Release;
		};
		AC2603AA1F2F294000CF238F /* Build configuration list for PBXProject "BigSurface" */ = {
			isa = XCConfigurationList;
			buildConfigurations = (
				AC2603B81F2F294000CF238F /* Debug */,
				AC2603B91F2F294000CF238F /* Release */,
			);
			defaultConfigurationIsVisible = 0;
			defaultConfigurationName = Release;
		};
/* End XCConfigurationList section */
	};
	rootObject = AC2603A71F2F294000CF238F /* Project object */;
}
