// !$*UTF8*$!
{
	archiveVersion = 1;
	classes = {
	};
	objectVersion = 46;
	objects = {

/* Begin PBXBuildFile section */
		0FC03704258E6F890026BA14 /* libkmod.a in Frameworks */ = {isa = PBXBuildFile; fileRef = 0FC03703258E6F890026BA14 /* libkmod.a */; };
		ACD8275D219D034F0041DE1B /* VoodooGPIOCannonLakeLP.cpp in Sources */ = {isa = PBXBuildFile; fileRef = ACD8275B219D034F0041DE1B /* VoodooGPIOCannonLakeLP.cpp */; };
		ACD8275E219D034F0041DE1B /* VoodooGPIOCannonLakeLP.hpp in Headers */ = {isa = PBXBuildFile; fileRef = ACD8275C219D034F0041DE1B /* VoodooGPIOCannonLakeLP.hpp */; };
		ACD82762219D06C20041DE1B /* VoodooGPIOCannonLakeH.cpp in Sources */ = {isa = PBXBuildFile; fileRef = ACD82760219D06C20041DE1B /* VoodooGPIOCannonLakeH.cpp */; };
		ACD82763219D06C20041DE1B /* VoodooGPIOCannonLakeH.hpp in Headers */ = {isa = PBXBuildFile; fileRef = ACD82761219D06C20041DE1B /* VoodooGPIOCannonLakeH.hpp */; };
		F10447AE1F4278CD00BA5A85 /* VoodooGPIOSunrisePointH.cpp in Sources */ = {isa = PBXBuildFile; fileRef = F10447AC1F4278CD00BA5A85 /* VoodooGPIOSunrisePointH.cpp */; };
		F10447AF1F4278CD00BA5A85 /* VoodooGPIOSunrisePointH.hpp in Headers */ = {isa = PBXBuildFile; fileRef = F10447AD1F4278CD00BA5A85 /* VoodooGPIOSunrisePointH.hpp */; };
		F142D11B1F42C255007AA5C6 /* VoodooGPIOSunrisePointLP.cpp in Sources */ = {isa = PBXBuildFile; fileRef = F142D1191F42C255007AA5C6 /* VoodooGPIOSunrisePointLP.cpp */; };
		F142D11C1F42C255007AA5C6 /* VoodooGPIOSunrisePointLP.hpp in Headers */ = {isa = PBXBuildFile; fileRef = F142D11A1F42C255007AA5C6 /* VoodooGPIOSunrisePointLP.hpp */; };
		F1F172C91F42263A00AD98FA /* VoodooGPIO.hpp in Headers */ = {isa = PBXBuildFile; fileRef = F1F172C81F42263A00AD98FA /* VoodooGPIO.hpp */; };
		F1F172CB1F42263A00AD98FA /* VoodooGPIO.cpp in Sources */ = {isa = PBXBuildFile; fileRef = F1F172CA1F42263A00AD98FA /* VoodooGPIO.cpp */; };
		FBE40CF824E2373400CDC4ED /* VoodooGPIOIceLakeLP.cpp in Sources */ = {isa = PBXBuildFile; fileRef = FBE40CF624E2373400CDC4ED /* VoodooGPIOIceLakeLP.cpp */; };
		FBE40CF924E2373400CDC4ED /* VoodooGPIOIceLakeLP.hpp in Headers */ = {isa = PBXBuildFile; fileRef = FBE40CF724E2373400CDC4ED /* VoodooGPIOIceLakeLP.hpp */; };
/* End PBXBuildFile section */

/* Begin PBXFileReference section */
		0FC03703258E6F890026BA14 /* libkmod.a */ = {isa = PBXFileReference; lastKnownFileType = archive.ar; name = libkmod.a; path = ../../MacKernelSDK/Library/x86_64/libkmod.a; sourceTree = "<group>"; };
		ACD8275B219D034F0041DE1B /* VoodooGPIOCannonLakeLP.cpp */ = {isa = PBXFileReference; lastKnownFileType = sourcecode.cpp.cpp; path = VoodooGPIOCannonLakeLP.cpp; sourceTree = "<group>"; };
		ACD8275C219D034F0041DE1B /* VoodooGPIOCannonLakeLP.hpp */ = {isa = PBXFileReference; lastKnownFileType = sourcecode.cpp.h; path = VoodooGPIOCannonLakeLP.hpp; sourceTree = "<group>"; };
		ACD82760219D06C20041DE1B /* VoodooGPIOCannonLakeH.cpp */ = {isa = PBXFileReference; lastKnownFileType = sourcecode.cpp.cpp; path = VoodooGPIOCannonLakeH.cpp; sourceTree = "<group>"; };
		ACD82761219D06C20041DE1B /* VoodooGPIOCannonLakeH.hpp */ = {isa = PBXFileReference; lastKnownFileType = sourcecode.cpp.h; path = VoodooGPIOCannonLakeH.hpp; sourceTree = "<group>"; };
		F10447AC1F4278CD00BA5A85 /* VoodooGPIOSunrisePointH.cpp */ = {isa = PBXFileReference; fileEncoding = 4; lastKnownFileType = sourcecode.cpp.cpp; path = VoodooGPIOSunrisePointH.cpp; sourceTree = "<group>"; };
		F10447AD1F4278CD00BA5A85 /* VoodooGPIOSunrisePointH.hpp */ = {isa = PBXFileReference; fileEncoding = 4; lastKnownFileType = sourcecode.cpp.h; path = VoodooGPIOSunrisePointH.hpp; sourceTree = "<group>"; };
		F142D1191F42C255007AA5C6 /* VoodooGPIOSunrisePointLP.cpp */ = {isa = PBXFileReference; fileEncoding = 4; lastKnownFileType = sourcecode.cpp.cpp; path = VoodooGPIOSunrisePointLP.cpp; sourceTree = "<group>"; };
		F142D11A1F42C255007AA5C6 /* VoodooGPIOSunrisePointLP.hpp */ = {isa = PBXFileReference; fileEncoding = 4; lastKnownFileType = sourcecode.cpp.h; path = VoodooGPIOSunrisePointLP.hpp; sourceTree = "<group>"; };
		F17C4C481F42AC33009DB44C /* linuxirq.h */ = {isa = PBXFileReference; lastKnownFileType = sourcecode.c.h; path = linuxirq.h; sourceTree = "<group>"; };
		F1F172C51F42263A00AD98FA /* VoodooGPIO.kext */ = {isa = PBXFileReference; explicitFileType = wrapper.cfbundle; includeInIndex = 0; path = VoodooGPIO.kext; sourceTree = BUILT_PRODUCTS_DIR; };
		F1F172C81F42263A00AD98FA /* VoodooGPIO.hpp */ = {isa = PBXFileReference; lastKnownFileType = sourcecode.cpp.h; path = VoodooGPIO.hpp; sourceTree = "<group>"; };
		F1F172CA1F42263A00AD98FA /* VoodooGPIO.cpp */ = {isa = PBXFileReference; lastKnownFileType = sourcecode.cpp.cpp; path = VoodooGPIO.cpp; sourceTree = "<group>"; };
		F1F172CC1F42263A00AD98FA /* Info.plist */ = {isa = PBXFileReference; lastKnownFileType = text.plist.xml; path = Info.plist; sourceTree = "<group>"; };
		FBE40CF624E2373400CDC4ED /* VoodooGPIOIceLakeLP.cpp */ = {isa = PBXFileReference; lastKnownFileType = sourcecode.cpp.cpp; path = VoodooGPIOIceLakeLP.cpp; sourceTree = "<group>"; };
		FBE40CF724E2373400CDC4ED /* VoodooGPIOIceLakeLP.hpp */ = {isa = PBXFileReference; lastKnownFileType = sourcecode.cpp.h; path = VoodooGPIOIceLakeLP.hpp; sourceTree = "<group>"; };
/* End PBXFileReference section */

/* Begin PBXFrameworksBuildPhase section */
		F1F172C11F42263A00AD98FA /* Frameworks */ = {
			isa = PBXFrameworksBuildPhase;
			buildActionMask = 2147483647;
			files = (
				0FC03704258E6F890026BA14 /* libkmod.a in Frameworks */,
			);
			runOnlyForDeploymentPostprocessing = 0;
		};
/* End PBXFrameworksBuildPhase section */

/* Begin PBXGroup section */
		0FC03702258E6F890026BA14 /* Frameworks */ = {
			isa = PBXGroup;
			children = (
				0FC03703258E6F890026BA14 /* libkmod.a */,
			);
			name = Frameworks;
			sourceTree = "<group>";
		};
		ACD8275A219D03290041DE1B /* CannonLake-LP */ = {
			isa = PBXGroup;
			children = (
				ACD8275B219D034F0041DE1B /* VoodooGPIOCannonLakeLP.cpp */,
				ACD8275C219D034F0041DE1B /* VoodooGPIOCannonLakeLP.hpp */,
			);
			path = "CannonLake-LP";
			sourceTree = "<group>";
		};
		ACD8275F219D06AF0041DE1B /* CannonLake-H */ = {
			isa = PBXGroup;
			children = (
				ACD82760219D06C20041DE1B /* VoodooGPIOCannonLakeH.cpp */,
				ACD82761219D06C20041DE1B /* VoodooGPIOCannonLakeH.hpp */,
			);
			path = "CannonLake-H";
			sourceTree = "<group>";
		};
		F10447AB1F4278AB00BA5A85 /* SunrisePoint-H */ = {
			isa = PBXGroup;
			children = (
				F10447AC1F4278CD00BA5A85 /* VoodooGPIOSunrisePointH.cpp */,
				F10447AD1F4278CD00BA5A85 /* VoodooGPIOSunrisePointH.hpp */,
			);
			name = "SunrisePoint-H";
			sourceTree = "<group>";
		};
		F142D1181F42C244007AA5C6 /* SunrisePoint-LP */ = {
			isa = PBXGroup;
			children = (
				F142D1191F42C255007AA5C6 /* VoodooGPIOSunrisePointLP.cpp */,
				F142D11A1F42C255007AA5C6 /* VoodooGPIOSunrisePointLP.hpp */,
			);
			name = "SunrisePoint-LP";
			sourceTree = "<group>";
		};
		F1F172BB1F42263A00AD98FA = {
			isa = PBXGroup;
			children = (
				F1F172C71F42263A00AD98FA /* VoodooGPIO */,
				F1F172C61F42263A00AD98FA /* Products */,
				0FC03702258E6F890026BA14 /* Frameworks */,
			);
			sourceTree = "<group>";
		};
		F1F172C61F42263A00AD98FA /* Products */ = {
			isa = PBXGroup;
			children = (
				F1F172C51F42263A00AD98FA /* VoodooGPIO.kext */,
			);
			name = Products;
			sourceTree = "<group>";
		};
		F1F172C71F42263A00AD98FA /* VoodooGPIO */ = {
			isa = PBXGroup;
			children = (
				FBE40CF524E2366B00CDC4ED /* IceLake-LP */,
				ACD8275F219D06AF0041DE1B /* CannonLake-H */,
				ACD8275A219D03290041DE1B /* CannonLake-LP */,
				F142D1181F42C244007AA5C6 /* SunrisePoint-LP */,
				F10447AB1F4278AB00BA5A85 /* SunrisePoint-H */,
				F1F172C81F42263A00AD98FA /* VoodooGPIO.hpp */,
				F1F172CA1F42263A00AD98FA /* VoodooGPIO.cpp */,
				F1F172CC1F42263A00AD98FA /* Info.plist */,
				F17C4C481F42AC33009DB44C /* linuxirq.h */,
			);
			path = VoodooGPIO;
			sourceTree = "<group>";
		};
		FBE40CF524E2366B00CDC4ED /* IceLake-LP */ = {
			isa = PBXGroup;
			children = (
				FBE40CF624E2373400CDC4ED /* VoodooGPIOIceLakeLP.cpp */,
				FBE40CF724E2373400CDC4ED /* VoodooGPIOIceLakeLP.hpp */,
			);
			path = "IceLake-LP";
			sourceTree = "<group>";
		};
/* End PBXGroup section */

/* Begin PBXHeadersBuildPhase section */
		F1F172C21F42263A00AD98FA /* Headers */ = {
			isa = PBXHeadersBuildPhase;
			buildActionMask = 2147483647;
			files = (
				FBE40CF924E2373400CDC4ED /* VoodooGPIOIceLakeLP.hpp in Headers */,
				F1F172C91F42263A00AD98FA /* VoodooGPIO.hpp in Headers */,
				F10447AF1F4278CD00BA5A85 /* VoodooGPIOSunrisePointH.hpp in Headers */,
				F142D11C1F42C255007AA5C6 /* VoodooGPIOSunrisePointLP.hpp in Headers */,
				ACD82763219D06C20041DE1B /* VoodooGPIOCannonLakeH.hpp in Headers */,
				ACD8275E219D034F0041DE1B /* VoodooGPIOCannonLakeLP.hpp in Headers */,
			);
			runOnlyForDeploymentPostprocessing = 0;
		};
/* End PBXHeadersBuildPhase section */

/* Begin PBXNativeTarget section */
		F1F172C41F42263A00AD98FA /* VoodooGPIO */ = {
			isa = PBXNativeTarget;
			buildConfigurationList = F1F172CF1F42263A00AD98FA /* Build configuration list for PBXNativeTarget "VoodooGPIO" */;
			buildPhases = (
				F1F172C01F42263A00AD98FA /* Sources */,
				F1F172C11F42263A00AD98FA /* Frameworks */,
				F1F172C21F42263A00AD98FA /* Headers */,
				F1F172C31F42263A00AD98FA /* Resources */,
			);
			buildRules = (
			);
			dependencies = (
			);
			name = VoodooGPIO;
			productName = VoodooGPIO;
			productReference = F1F172C51F42263A00AD98FA /* VoodooGPIO.kext */;
			productType = "com.apple.product-type.kernel-extension";
		};
/* End PBXNativeTarget section */

/* Begin PBXProject section */
		F1F172BC1F42263A00AD98FA /* Project object */ = {
			isa = PBXProject;
			attributes = {
				LastUpgradeCheck = 1250;
				ORGANIZATIONNAME = CoolStar;
				TargetAttributes = {
					F1F172C41F42263A00AD98FA = {
						CreatedOnToolsVersion = 8.3.3;
						DevelopmentTeam = K8RXBXZGN4;
						ProvisioningStyle = Manual;
					};
				};
			};
			buildConfigurationList = F1F172BF1F42263A00AD98FA /* Build configuration list for PBXProject "VoodooGPIO" */;
			compatibilityVersion = "Xcode 3.2";
			developmentRegion = en;
			hasScannedForEncodings = 0;
			knownRegions = (
				en,
				Base,
			);
			mainGroup = F1F172BB1F42263A00AD98FA;
			productRefGroup = F1F172C61F42263A00AD98FA /* Products */;
			projectDirPath = "";
			projectRoot = "";
			targets = (
				F1F172C41F42263A00AD98FA /* VoodooGPIO */,
			);
		};
/* End PBXProject section */

/* Begin PBXResourcesBuildPhase section */
		F1F172C31F42263A00AD98FA /* Resources */ = {
			isa = PBXResourcesBuildPhase;
			buildActionMask = 2147483647;
			files = (
			);
			runOnlyForDeploymentPostprocessing = 0;
		};
/* End PBXResourcesBuildPhase section */

/* Begin PBXSourcesBuildPhase section */
		F1F172C01F42263A00AD98FA /* Sources */ = {
			isa = PBXSourcesBuildPhase;
			buildActionMask = 2147483647;
			files = (
				F10447AE1F4278CD00BA5A85 /* VoodooGPIOSunrisePointH.cpp in Sources */,
				F142D11B1F42C255007AA5C6 /* VoodooGPIOSunrisePointLP.cpp in Sources */,
				ACD8275D219D034F0041DE1B /* VoodooGPIOCannonLakeLP.cpp in Sources */,
				FBE40CF824E2373400CDC4ED /* VoodooGPIOIceLakeLP.cpp in Sources */,
				ACD82762219D06C20041DE1B /* VoodooGPIOCannonLakeH.cpp in Sources */,
				F1F172CB1F42263A00AD98FA /* VoodooGPIO.cpp in Sources */,
			);
			runOnlyForDeploymentPostprocessing = 0;
		};
/* End PBXSourcesBuildPhase section */

/* Begin XCBuildConfiguration section */
		F1F172CD1F42263A00AD98FA /* Debug */ = {
			isa = XCBuildConfiguration;
			buildSettings = {
				ALWAYS_SEARCH_USER_PATHS = NO;
				ARCHS = x86_64;
				CLANG_ANALYZER_NONNULL = YES;
				CLANG_ANALYZER_NUMBER_OBJECT_CONVERSION = YES_AGGRESSIVE;
				CLANG_CXX_LANGUAGE_STANDARD = "gnu++0x";
				CLANG_CXX_LIBRARY = "libc++";
				CLANG_ENABLE_MODULES = YES;
				CLANG_ENABLE_OBJC_ARC = YES;
				CLANG_WARN_BLOCK_CAPTURE_AUTORELEASING = YES;
				CLANG_WARN_BOOL_CONVERSION = YES;
				CLANG_WARN_COMMA = YES;
				CLANG_WARN_CONSTANT_CONVERSION = YES;
				CLANG_WARN_DEPRECATED_OBJC_IMPLEMENTATIONS = YES;
				CLANG_WARN_DIRECT_OBJC_ISA_USAGE = YES_ERROR;
				CLANG_WARN_DOCUMENTATION_COMMENTS = YES;
				CLANG_WARN_EMPTY_BODY = YES;
				CLANG_WARN_ENUM_CONVERSION = YES;
				CLANG_WARN_INFINITE_RECURSION = YES;
				CLANG_WARN_INT_CONVERSION = YES;
				CLANG_WARN_NON_LITERAL_NULL_CONVERSION = YES;
				CLANG_WARN_OBJC_IMPLICIT_RETAIN_SELF = YES;
				CLANG_WARN_OBJC_LITERAL_CONVERSION = YES;
				CLANG_WARN_OBJC_ROOT_CLASS = YES_ERROR;
				CLANG_WARN_QUOTED_INCLUDE_IN_FRAMEWORK_HEADER = YES;
				CLANG_WARN_RANGE_LOOP_ANALYSIS = YES;
				CLANG_WARN_STRICT_PROTOTYPES = YES;
				CLANG_WARN_SUSPICIOUS_MOVE = YES;
				CLANG_WARN_UNREACHABLE_CODE = YES;
				CLANG_WARN__DUPLICATE_METHOD_MATCH = YES;
				CODE_SIGN_IDENTITY = "-";
				COPY_PHASE_STRIP = NO;
				DEBUG_INFORMATION_FORMAT = dwarf;
				ENABLE_STRICT_OBJC_MSGSEND = YES;
				ENABLE_TESTABILITY = YES;
				GCC_C_LANGUAGE_STANDARD = gnu99;
				GCC_DYNAMIC_NO_PIC = NO;
				GCC_NO_COMMON_BLOCKS = YES;
				GCC_OPTIMIZATION_LEVEL = 0;
				GCC_PREPROCESSOR_DEFINITIONS = (
					"DEBUG=1",
					"$(inherited)",
				);
				GCC_WARN_64_TO_32_BIT_CONVERSION = YES;
				GCC_WARN_ABOUT_RETURN_TYPE = YES_ERROR;
				GCC_WARN_UNDECLARED_SELECTOR = YES;
				GCC_WARN_UNINITIALIZED_AUTOS = YES_AGGRESSIVE;
				GCC_WARN_UNUSED_FUNCTION = YES;
				GCC_WARN_UNUSED_VARIABLE = YES;
				KERNEL_EXTENSION_HEADER_SEARCH_PATHS = "$(PROJECT_DIR)/../../MacKernelSDK/Headers";
				KERNEL_FRAMEWORK_HEADERS = "$(PROJECT_DIR)/../../MacKernelSDK/Headers";
				MACOSX_DEPLOYMENT_TARGET = 11.0;
				MTL_ENABLE_DEBUG_INFO = YES;
				ONLY_ACTIVE_ARCH = YES;
				SDKROOT = macosx;
			};
			name = Debug;
		};
		F1F172CE1F42263A00AD98FA /* Release */ = {
			isa = XCBuildConfiguration;
			buildSettings = {
				ALWAYS_SEARCH_USER_PATHS = NO;
				ARCHS = x86_64;
				CLANG_ANALYZER_NONNULL = YES;
				CLANG_ANALYZER_NUMBER_OBJECT_CONVERSION = YES_AGGRESSIVE;
				CLANG_CXX_LANGUAGE_STANDARD = "gnu++0x";
				CLANG_CXX_LIBRARY = "libc++";
				CLANG_ENABLE_MODULES = YES;
				CLANG_ENABLE_OBJC_ARC = YES;
				CLANG_WARN_BLOCK_CAPTURE_AUTORELEASING = YES;
				CLANG_WARN_BOOL_CONVERSION = YES;
				CLANG_WARN_COMMA = YES;
				CLANG_WARN_CONSTANT_CONVERSION = YES;
				CLANG_WARN_DEPRECATED_OBJC_IMPLEMENTATIONS = YES;
				CLANG_WARN_DIRECT_OBJC_ISA_USAGE = YES_ERROR;
				CLANG_WARN_DOCUMENTATION_COMMENTS = YES;
				CLANG_WARN_EMPTY_BODY = YES;
				CLANG_WARN_ENUM_CONVERSION = YES;
				CLANG_WARN_INFINITE_RECURSION = YES;
				CLANG_WARN_INT_CONVERSION = YES;
				CLANG_WARN_NON_LITERAL_NULL_CONVERSION = YES;
				CLANG_WARN_OBJC_IMPLICIT_RETAIN_SELF = YES;
				CLANG_WARN_OBJC_LITERAL_CONVERSION = YES;
				CLANG_WARN_OBJC_ROOT_CLASS = YES_ERROR;
				CLANG_WARN_QUOTED_INCLUDE_IN_FRAMEWORK_HEADER = YES;
				CLANG_WARN_RANGE_LOOP_ANALYSIS = YES;
				CLANG_WARN_STRICT_PROTOTYPES = YES;
				CLANG_WARN_SUSPICIOUS_MOVE = YES;
				CLANG_WARN_UNREACHABLE_CODE = YES;
				CLANG_WARN__DUPLICATE_METHOD_MATCH = YES;
				CODE_SIGN_IDENTITY = "-";
				COPY_PHASE_STRIP = NO;
				DEBUG_INFORMATION_FORMAT = "dwarf-with-dsym";
				ENABLE_NS_ASSERTIONS = NO;
				ENABLE_STRICT_OBJC_MSGSEND = YES;
				GCC_C_LANGUAGE_STANDARD = gnu99;
				GCC_NO_COMMON_BLOCKS = YES;
				GCC_WARN_64_TO_32_BIT_CONVERSION = YES;
				GCC_WARN_ABOUT_RETURN_TYPE = YES_ERROR;
				GCC_WARN_UNDECLARED_SELECTOR = YES;
				GCC_WARN_UNINITIALIZED_AUTOS = YES_AGGRESSIVE;
				GCC_WARN_UNUSED_FUNCTION = YES;
				GCC_WARN_UNUSED_VARIABLE = YES;
				KERNEL_EXTENSION_HEADER_SEARCH_PATHS = "$(PROJECT_DIR)/../../MacKernelSDK/Headers";
				KERNEL_FRAMEWORK_HEADERS = "$(PROJECT_DIR)/../../MacKernelSDK/Headers";
				MACOSX_DEPLOYMENT_TARGET = 11.0;
				MTL_ENABLE_DEBUG_INFO = NO;
				SDKROOT = macosx;
			};
			name = Release;
		};
		F1F172D01F42263A00AD98FA /* Debug */ = {
			isa = XCBuildConfiguration;
			buildSettings = {
				CLANG_ANALYZER_DEADCODE_DEADSTORES = NO;
				CLANG_ANALYZER_DIVIDE_BY_ZERO = NO;
				CLANG_ANALYZER_NULL_DEREFERENCE = NO;
				CODE_SIGN_IDENTITY = "-";
				CODE_SIGN_STYLE = Manual;
				COMBINE_HIDPI_IMAGES = YES;
				CURRENT_PROJECT_VERSION = 1.0.0d1;
				DEVELOPMENT_TEAM = K8RXBXZGN4;
				ENABLE_HARDENED_RUNTIME = YES;
				INFOPLIST_FILE = VoodooGPIO/Info.plist;
				LIBRARY_SEARCH_PATHS = (
					"$(inherited)",
					"$(PROJECT_DIR)/../../MacKernelSDK/Library/x86_64",
				);
				MODULE_NAME = org.coolstar.VoodooGPIO;
				MODULE_VERSION = 1.0.0d1;
				PRODUCT_BUNDLE_IDENTIFIER = org.coolstar.VoodooGPIO;
				PRODUCT_NAME = "$(TARGET_NAME)";
				PROVISIONING_PROFILE_SPECIFIER = "";
				RUN_CLANG_STATIC_ANALYZER = YES;
				WRAPPER_EXTENSION = kext;
			};
			name = Debug;
		};
		F1F172D11F42263A00AD98FA /* Release */ = {
			isa = XCBuildConfiguration;
			buildSettings = {
				CODE_SIGN_IDENTITY = "-";
				CODE_SIGN_STYLE = Manual;
				COMBINE_HIDPI_IMAGES = YES;
				CURRENT_PROJECT_VERSION = 1.0.0d1;
				DEVELOPMENT_TEAM = K8RXBXZGN4;
				ENABLE_HARDENED_RUNTIME = YES;
				INFOPLIST_FILE = VoodooGPIO/Info.plist;
				LIBRARY_SEARCH_PATHS = (
					"$(inherited)",
					"$(PROJECT_DIR)/../../MacKernelSDK/Library/x86_64",
				);
				MODULE_NAME = org.coolstar.VoodooGPIO;
				MODULE_VERSION = 1.0.0d1;
				PRODUCT_BUNDLE_IDENTIFIER = org.coolstar.VoodooGPIO;
				PRODUCT_NAME = "$(TARGET_NAME)";
				PROVISIONING_PROFILE_SPECIFIER = "";
				WRAPPER_EXTENSION = kext;
			};
			name = Release;
		};
/* End XCBuildConfiguration section */

/* Begin XCConfigurationList section */
		F1F172BF1F42263A00AD98FA /* Build configuration list for PBXProject "VoodooGPIO" */ = {
			isa = XCConfigurationList;
			buildConfigurations = (
				F1F172CD1F42263A00AD98FA /* Debug */,
				F1F172CE1F42263A00AD98FA /* Release */,
			);
			defaultConfigurationIsVisible = 0;
			defaultConfigurationName = Release;
		};
		F1F172CF1F42263A00AD98FA /* Build configuration list for PBXNativeTarget "VoodooGPIO" */ = {
			isa = XCConfigurationList;
			buildConfigurations = (
				F1F172D01F42263A00AD98FA /* Debug */,
				F1F172D11F42263A00AD98FA /* Release */,
			);
			defaultConfigurationIsVisible = 0;
			defaultConfigurationName = Release;
		};
/* End XCConfigurationList section */
	};
	rootObject = F1F172BC1F42263A00AD98FA /* Project object */;
}
